// !$*UTF8*$!
{
	archiveVersion = 1;
	classes = {
	};
	objectVersion = 48;
	objects = {

/* Begin PBXBuildFile section */
		45C723642056EBF2005C1016 /* IngredientViewController.swift in Sources */ = {isa = PBXBuildFile; fileRef = 45C723632056EBF2005C1016 /* IngredientViewController.swift */; };
		84032C1A2038B14300D11F57 /* Meal.swift in Sources */ = {isa = PBXBuildFile; fileRef = 84032C192038B14300D11F57 /* Meal.swift */; };
		84032C1C2038B20600D11F57 /* Ingredient.swift in Sources */ = {isa = PBXBuildFile; fileRef = 84032C1B2038B20600D11F57 /* Ingredient.swift */; };
		84032C1E2038BEE900D11F57 /* IngredientTableViewController.swift in Sources */ = {isa = PBXBuildFile; fileRef = 84032C1D2038BEE900D11F57 /* IngredientTableViewController.swift */; };
		84032C202038BEFB00D11F57 /* MealTableViewController.swift in Sources */ = {isa = PBXBuildFile; fileRef = 84032C1F2038BEFB00D11F57 /* MealTableViewController.swift */; };
		84032C222038C25400D11F57 /* IngredientTableViewCell.swift in Sources */ = {isa = PBXBuildFile; fileRef = 84032C212038C25400D11F57 /* IngredientTableViewCell.swift */; };
		84032C242038CD8500D11F57 /* MealTableViewCell.swift in Sources */ = {isa = PBXBuildFile; fileRef = 84032C232038CD8500D11F57 /* MealTableViewCell.swift */; };
		84032C262038E32500D11F57 /* IngredientStock.swift in Sources */ = {isa = PBXBuildFile; fileRef = 84032C252038E32500D11F57 /* IngredientStock.swift */; };
		84032C282038E70400D11F57 /* PendingMeal.swift in Sources */ = {isa = PBXBuildFile; fileRef = 84032C272038E70400D11F57 /* PendingMeal.swift */; };
		84032C2C2038E98500D11F57 /* PendingMealTableViewCell.swift in Sources */ = {isa = PBXBuildFile; fileRef = 84032C2B2038E98500D11F57 /* PendingMealTableViewCell.swift */; };
		84032C302038EA2000D11F57 /* PendingMealTableViewController.swift in Sources */ = {isa = PBXBuildFile; fileRef = 84032C2F2038EA2000D11F57 /* PendingMealTableViewController.swift */; };
		84502D922038A4770029B322 /* AppDelegate.swift in Sources */ = {isa = PBXBuildFile; fileRef = 84502D912038A4770029B322 /* AppDelegate.swift */; };
		84502D942038A4770029B322 /* VolunteerViewController.swift in Sources */ = {isa = PBXBuildFile; fileRef = 84502D932038A4770029B322 /* VolunteerViewController.swift */; };
		84502D962038A4770029B322 /* InventoryViewController.swift in Sources */ = {isa = PBXBuildFile; fileRef = 84502D952038A4770029B322 /* InventoryViewController.swift */; };
		84502D992038A4770029B322 /* Main.storyboard in Resources */ = {isa = PBXBuildFile; fileRef = 84502D972038A4770029B322 /* Main.storyboard */; };
		84502D9B2038A4770029B322 /* Assets.xcassets in Resources */ = {isa = PBXBuildFile; fileRef = 84502D9A2038A4770029B322 /* Assets.xcassets */; };
		84502D9E2038A4770029B322 /* LaunchScreen.storyboard in Resources */ = {isa = PBXBuildFile; fileRef = 84502D9C2038A4770029B322 /* LaunchScreen.storyboard */; };
		84502DA92038A4770029B322 /* UBCSproutsTests.swift in Sources */ = {isa = PBXBuildFile; fileRef = 84502DA82038A4770029B322 /* UBCSproutsTests.swift */; };
		84502DB42038A5D50029B322 /* DocumentsViewController.swift in Sources */ = {isa = PBXBuildFile; fileRef = 84502DB32038A5D50029B322 /* DocumentsViewController.swift */; };
		84502DB62038A9420029B322 /* SettingsViewController.swift in Sources */ = {isa = PBXBuildFile; fileRef = 84502DB52038A9420029B322 /* SettingsViewController.swift */; };
		A0B0AE382060A197001D2555 /* UBCSprouts.xcdatamodeld in Sources */ = {isa = PBXBuildFile; fileRef = A0B0AE362060A197001D2555 /* UBCSprouts.xcdatamodeld */; };
/* End PBXBuildFile section */

/* Begin PBXContainerItemProxy section */
		84502DA52038A4770029B322 /* PBXContainerItemProxy */ = {
			isa = PBXContainerItemProxy;
			containerPortal = 84502D862038A4770029B322 /* Project object */;
			proxyType = 1;
			remoteGlobalIDString = 84502D8D2038A4770029B322;
			remoteInfo = UBCSprouts;
		};
/* End PBXContainerItemProxy section */

/* Begin PBXFileReference section */
		45C723632056EBF2005C1016 /* IngredientViewController.swift */ = {isa = PBXFileReference; lastKnownFileType = sourcecode.swift; path = IngredientViewController.swift; sourceTree = "<group>"; };
		84032C192038B14300D11F57 /* Meal.swift */ = {isa = PBXFileReference; lastKnownFileType = sourcecode.swift; path = Meal.swift; sourceTree = "<group>"; };
		84032C1B2038B20600D11F57 /* Ingredient.swift */ = {isa = PBXFileReference; lastKnownFileType = sourcecode.swift; path = Ingredient.swift; sourceTree = "<group>"; };
		84032C1D2038BEE900D11F57 /* IngredientTableViewController.swift */ = {isa = PBXFileReference; lastKnownFileType = sourcecode.swift; path = IngredientTableViewController.swift; sourceTree = "<group>"; };
		84032C1F2038BEFB00D11F57 /* MealTableViewController.swift */ = {isa = PBXFileReference; lastKnownFileType = sourcecode.swift; path = MealTableViewController.swift; sourceTree = "<group>"; };
		84032C212038C25400D11F57 /* IngredientTableViewCell.swift */ = {isa = PBXFileReference; lastKnownFileType = sourcecode.swift; path = IngredientTableViewCell.swift; sourceTree = "<group>"; };
		84032C232038CD8500D11F57 /* MealTableViewCell.swift */ = {isa = PBXFileReference; lastKnownFileType = sourcecode.swift; path = MealTableViewCell.swift; sourceTree = "<group>"; };
		84032C252038E32500D11F57 /* IngredientStock.swift */ = {isa = PBXFileReference; lastKnownFileType = sourcecode.swift; path = IngredientStock.swift; sourceTree = "<group>"; };
		84032C272038E70400D11F57 /* PendingMeal.swift */ = {isa = PBXFileReference; lastKnownFileType = sourcecode.swift; path = PendingMeal.swift; sourceTree = "<group>"; };
		84032C2B2038E98500D11F57 /* PendingMealTableViewCell.swift */ = {isa = PBXFileReference; lastKnownFileType = sourcecode.swift; path = PendingMealTableViewCell.swift; sourceTree = "<group>"; };
		84032C2F2038EA2000D11F57 /* PendingMealTableViewController.swift */ = {isa = PBXFileReference; lastKnownFileType = sourcecode.swift; path = PendingMealTableViewController.swift; sourceTree = "<group>"; };
		84502D8E2038A4770029B322 /* UBCSprouts.app */ = {isa = PBXFileReference; explicitFileType = wrapper.application; includeInIndex = 0; path = UBCSprouts.app; sourceTree = BUILT_PRODUCTS_DIR; };
		84502D912038A4770029B322 /* AppDelegate.swift */ = {isa = PBXFileReference; lastKnownFileType = sourcecode.swift; path = AppDelegate.swift; sourceTree = "<group>"; };
		84502D932038A4770029B322 /* VolunteerViewController.swift */ = {isa = PBXFileReference; lastKnownFileType = sourcecode.swift; path = VolunteerViewController.swift; sourceTree = "<group>"; };
		84502D952038A4770029B322 /* InventoryViewController.swift */ = {isa = PBXFileReference; lastKnownFileType = sourcecode.swift; path = InventoryViewController.swift; sourceTree = "<group>"; };
		84502D982038A4770029B322 /* Base */ = {isa = PBXFileReference; lastKnownFileType = file.storyboard; name = Base; path = Base.lproj/Main.storyboard; sourceTree = "<group>"; };
		84502D9A2038A4770029B322 /* Assets.xcassets */ = {isa = PBXFileReference; lastKnownFileType = folder.assetcatalog; path = Assets.xcassets; sourceTree = "<group>"; };
		84502D9D2038A4770029B322 /* Base */ = {isa = PBXFileReference; lastKnownFileType = file.storyboard; name = Base; path = Base.lproj/LaunchScreen.storyboard; sourceTree = "<group>"; };
		84502D9F2038A4770029B322 /* Info.plist */ = {isa = PBXFileReference; lastKnownFileType = text.plist.xml; path = Info.plist; sourceTree = "<group>"; };
		84502DA42038A4770029B322 /* UBCSproutsTests.xctest */ = {isa = PBXFileReference; explicitFileType = wrapper.cfbundle; includeInIndex = 0; path = UBCSproutsTests.xctest; sourceTree = BUILT_PRODUCTS_DIR; };
		84502DA82038A4770029B322 /* UBCSproutsTests.swift */ = {isa = PBXFileReference; lastKnownFileType = sourcecode.swift; path = UBCSproutsTests.swift; sourceTree = "<group>"; };
		84502DAA2038A4770029B322 /* Info.plist */ = {isa = PBXFileReference; lastKnownFileType = text.plist.xml; path = Info.plist; sourceTree = "<group>"; };
		84502DB32038A5D50029B322 /* DocumentsViewController.swift */ = {isa = PBXFileReference; lastKnownFileType = sourcecode.swift; path = DocumentsViewController.swift; sourceTree = "<group>"; };
		84502DB52038A9420029B322 /* SettingsViewController.swift */ = {isa = PBXFileReference; lastKnownFileType = sourcecode.swift; path = SettingsViewController.swift; sourceTree = "<group>"; };
		A0B0AE372060A197001D2555 /* UBCSprouts.xcdatamodel */ = {isa = PBXFileReference; lastKnownFileType = wrapper.xcdatamodel; path = UBCSprouts.xcdatamodel; sourceTree = "<group>"; };
/* End PBXFileReference section */

/* Begin PBXFrameworksBuildPhase section */
		84502D8B2038A4770029B322 /* Frameworks */ = {
			isa = PBXFrameworksBuildPhase;
			buildActionMask = 2147483647;
			files = (
			);
			runOnlyForDeploymentPostprocessing = 0;
		};
		84502DA12038A4770029B322 /* Frameworks */ = {
			isa = PBXFrameworksBuildPhase;
			buildActionMask = 2147483647;
			files = (
			);
			runOnlyForDeploymentPostprocessing = 0;
		};
/* End PBXFrameworksBuildPhase section */

/* Begin PBXGroup section */
		84032C152038AA3B00D11F57 /* InventoryView */ = {
			isa = PBXGroup;
			children = (
				84502D952038A4770029B322 /* InventoryViewController.swift */,
				84032C1B2038B20600D11F57 /* Ingredient.swift */,
				45C723632056EBF2005C1016 /* IngredientViewController.swift */,
				84032C252038E32500D11F57 /* IngredientStock.swift */,
				84032C1D2038BEE900D11F57 /* IngredientTableViewController.swift */,
				84032C212038C25400D11F57 /* IngredientTableViewCell.swift */,
				84032C192038B14300D11F57 /* Meal.swift */,
				84032C1F2038BEFB00D11F57 /* MealTableViewController.swift */,
				84032C232038CD8500D11F57 /* MealTableViewCell.swift */,
				84032C272038E70400D11F57 /* PendingMeal.swift */,
				84032C2B2038E98500D11F57 /* PendingMealTableViewCell.swift */,
				84032C2F2038EA2000D11F57 /* PendingMealTableViewController.swift */,
			);
			path = InventoryView;
			sourceTree = "<group>";
		};
		84032C162038AA4300D11F57 /* VolunteerView */ = {
			isa = PBXGroup;
			children = (
				84502D932038A4770029B322 /* VolunteerViewController.swift */,
			);
			path = VolunteerView;
			sourceTree = "<group>";
		};
		84032C172038AA4A00D11F57 /* DocumentsView */ = {
			isa = PBXGroup;
			children = (
				84502DB32038A5D50029B322 /* DocumentsViewController.swift */,
			);
			path = DocumentsView;
			sourceTree = "<group>";
		};
		84032C182038AA5400D11F57 /* SettingsView */ = {
			isa = PBXGroup;
			children = (
				84502DB52038A9420029B322 /* SettingsViewController.swift */,
			);
			path = SettingsView;
			sourceTree = "<group>";
		};
		84502D852038A4770029B322 = {
			isa = PBXGroup;
			children = (
				84502D902038A4770029B322 /* UBCSprouts */,
				84502DA72038A4770029B322 /* UBCSproutsTests */,
				84502D8F2038A4770029B322 /* Products */,
			);
			sourceTree = "<group>";
		};
		84502D8F2038A4770029B322 /* Products */ = {
			isa = PBXGroup;
			children = (
				84502D8E2038A4770029B322 /* UBCSprouts.app */,
				84502DA42038A4770029B322 /* UBCSproutsTests.xctest */,
			);
			name = Products;
			sourceTree = "<group>";
		};
		84502D902038A4770029B322 /* UBCSprouts */ = {
			isa = PBXGroup;
			children = (
				84032C182038AA5400D11F57 /* SettingsView */,
				84032C172038AA4A00D11F57 /* DocumentsView */,
				84502D912038A4770029B322 /* AppDelegate.swift */,
				A0B0AE362060A197001D2555 /* UBCSprouts.xcdatamodeld */,
				84032C162038AA4300D11F57 /* VolunteerView */,
				84032C152038AA3B00D11F57 /* InventoryView */,
				84502D972038A4770029B322 /* Main.storyboard */,
				84502D9A2038A4770029B322 /* Assets.xcassets */,
				84502D9C2038A4770029B322 /* LaunchScreen.storyboard */,
				84502D9F2038A4770029B322 /* Info.plist */,
			);
			path = UBCSprouts;
			sourceTree = "<group>";
		};
		84502DA72038A4770029B322 /* UBCSproutsTests */ = {
			isa = PBXGroup;
			children = (
				84502DA82038A4770029B322 /* UBCSproutsTests.swift */,
				84502DAA2038A4770029B322 /* Info.plist */,
			);
			path = UBCSproutsTests;
			sourceTree = "<group>";
		};
/* End PBXGroup section */

/* Begin PBXNativeTarget section */
		84502D8D2038A4770029B322 /* UBCSprouts */ = {
			isa = PBXNativeTarget;
			buildConfigurationList = 84502DAD2038A4770029B322 /* Build configuration list for PBXNativeTarget "UBCSprouts" */;
			buildPhases = (
				84502D8A2038A4770029B322 /* Sources */,
				84502D8B2038A4770029B322 /* Frameworks */,
				84502D8C2038A4770029B322 /* Resources */,
			);
			buildRules = (
			);
			dependencies = (
			);
			name = UBCSprouts;
			productName = UBCSprouts;
			productReference = 84502D8E2038A4770029B322 /* UBCSprouts.app */;
			productType = "com.apple.product-type.application";
		};
		84502DA32038A4770029B322 /* UBCSproutsTests */ = {
			isa = PBXNativeTarget;
			buildConfigurationList = 84502DB02038A4770029B322 /* Build configuration list for PBXNativeTarget "UBCSproutsTests" */;
			buildPhases = (
				84502DA02038A4770029B322 /* Sources */,
				84502DA12038A4770029B322 /* Frameworks */,
				84502DA22038A4770029B322 /* Resources */,
			);
			buildRules = (
			);
			dependencies = (
				84502DA62038A4770029B322 /* PBXTargetDependency */,
			);
			name = UBCSproutsTests;
			productName = UBCSproutsTests;
			productReference = 84502DA42038A4770029B322 /* UBCSproutsTests.xctest */;
			productType = "com.apple.product-type.bundle.unit-test";
		};
/* End PBXNativeTarget section */

/* Begin PBXProject section */
		84502D862038A4770029B322 /* Project object */ = {
			isa = PBXProject;
			attributes = {
				LastSwiftUpdateCheck = 0910;
				LastUpgradeCheck = 0910;
				ORGANIZATIONNAME = "Justin Zheng";
				TargetAttributes = {
					84502D8D2038A4770029B322 = {
						CreatedOnToolsVersion = 9.1;
						ProvisioningStyle = Automatic;
					};
					84502DA32038A4770029B322 = {
						CreatedOnToolsVersion = 9.1;
						ProvisioningStyle = Automatic;
						TestTargetID = 84502D8D2038A4770029B322;
					};
				};
			};
			buildConfigurationList = 84502D892038A4770029B322 /* Build configuration list for PBXProject "UBCSprouts" */;
			compatibilityVersion = "Xcode 8.0";
			developmentRegion = en;
			hasScannedForEncodings = 0;
			knownRegions = (
				en,
				Base,
			);
			mainGroup = 84502D852038A4770029B322;
			productRefGroup = 84502D8F2038A4770029B322 /* Products */;
			projectDirPath = "";
			projectRoot = "";
			targets = (
				84502D8D2038A4770029B322 /* UBCSprouts */,
				84502DA32038A4770029B322 /* UBCSproutsTests */,
			);
		};
/* End PBXProject section */

/* Begin PBXResourcesBuildPhase section */
		84502D8C2038A4770029B322 /* Resources */ = {
			isa = PBXResourcesBuildPhase;
			buildActionMask = 2147483647;
			files = (
				84502D9E2038A4770029B322 /* LaunchScreen.storyboard in Resources */,
				84502D9B2038A4770029B322 /* Assets.xcassets in Resources */,
				84502D992038A4770029B322 /* Main.storyboard in Resources */,
			);
			runOnlyForDeploymentPostprocessing = 0;
		};
		84502DA22038A4770029B322 /* Resources */ = {
			isa = PBXResourcesBuildPhase;
			buildActionMask = 2147483647;
			files = (
			);
			runOnlyForDeploymentPostprocessing = 0;
		};
/* End PBXResourcesBuildPhase section */

/* Begin PBXSourcesBuildPhase section */
		84502D8A2038A4770029B322 /* Sources */ = {
			isa = PBXSourcesBuildPhase;
			buildActionMask = 2147483647;
			files = (
				84032C282038E70400D11F57 /* PendingMeal.swift in Sources */,
				45C723642056EBF2005C1016 /* IngredientViewController.swift in Sources */,
				84032C222038C25400D11F57 /* IngredientTableViewCell.swift in Sources */,
				84032C242038CD8500D11F57 /* MealTableViewCell.swift in Sources */,
				84502D962038A4770029B322 /* InventoryViewController.swift in Sources */,
				84502DB42038A5D50029B322 /* DocumentsViewController.swift in Sources */,
				84032C302038EA2000D11F57 /* PendingMealTableViewController.swift in Sources */,
				84032C1C2038B20600D11F57 /* Ingredient.swift in Sources */,
				84502D922038A4770029B322 /* AppDelegate.swift in Sources */,
				84502DB62038A9420029B322 /* SettingsViewController.swift in Sources */,
				84032C1A2038B14300D11F57 /* Meal.swift in Sources */,
				84032C1E2038BEE900D11F57 /* IngredientTableViewController.swift in Sources */,
				84032C2C2038E98500D11F57 /* PendingMealTableViewCell.swift in Sources */,
				84032C262038E32500D11F57 /* IngredientStock.swift in Sources */,
				84032C202038BEFB00D11F57 /* MealTableViewController.swift in Sources */,
				A0B0AE382060A197001D2555 /* UBCSprouts.xcdatamodeld in Sources */,
				84502D942038A4770029B322 /* VolunteerViewController.swift in Sources */,
			);
			runOnlyForDeploymentPostprocessing = 0;
		};
		84502DA02038A4770029B322 /* Sources */ = {
			isa = PBXSourcesBuildPhase;
			buildActionMask = 2147483647;
			files = (
				84502DA92038A4770029B322 /* UBCSproutsTests.swift in Sources */,
			);
			runOnlyForDeploymentPostprocessing = 0;
		};
/* End PBXSourcesBuildPhase section */

/* Begin PBXTargetDependency section */
		84502DA62038A4770029B322 /* PBXTargetDependency */ = {
			isa = PBXTargetDependency;
			target = 84502D8D2038A4770029B322 /* UBCSprouts */;
			targetProxy = 84502DA52038A4770029B322 /* PBXContainerItemProxy */;
		};
/* End PBXTargetDependency section */

/* Begin PBXVariantGroup section */
		84502D972038A4770029B322 /* Main.storyboard */ = {
			isa = PBXVariantGroup;
			children = (
				84502D982038A4770029B322 /* Base */,
			);
			name = Main.storyboard;
			sourceTree = "<group>";
		};
		84502D9C2038A4770029B322 /* LaunchScreen.storyboard */ = {
			isa = PBXVariantGroup;
			children = (
				84502D9D2038A4770029B322 /* Base */,
			);
			name = LaunchScreen.storyboard;
			sourceTree = "<group>";
		};
/* End PBXVariantGroup section */

/* Begin XCBuildConfiguration section */
		84502DAB2038A4770029B322 /* Debug */ = {
			isa = XCBuildConfiguration;
			buildSettings = {
				ALWAYS_SEARCH_USER_PATHS = NO;
				CLANG_ANALYZER_NONNULL = YES;
				CLANG_ANALYZER_NUMBER_OBJECT_CONVERSION = YES_AGGRESSIVE;
				CLANG_CXX_LANGUAGE_STANDARD = "gnu++14";
				CLANG_CXX_LIBRARY = "libc++";
				CLANG_ENABLE_MODULES = YES;
				CLANG_ENABLE_OBJC_ARC = YES;
				CLANG_WARN_BLOCK_CAPTURE_AUTORELEASING = YES;
				CLANG_WARN_BOOL_CONVERSION = YES;
				CLANG_WARN_COMMA = YES;
				CLANG_WARN_CONSTANT_CONVERSION = YES;
				CLANG_WARN_DIRECT_OBJC_ISA_USAGE = YES_ERROR;
				CLANG_WARN_DOCUMENTATION_COMMENTS = YES;
				CLANG_WARN_EMPTY_BODY = YES;
				CLANG_WARN_ENUM_CONVERSION = YES;
				CLANG_WARN_INFINITE_RECURSION = YES;
				CLANG_WARN_INT_CONVERSION = YES;
				CLANG_WARN_NON_LITERAL_NULL_CONVERSION = YES;
				CLANG_WARN_OBJC_LITERAL_CONVERSION = YES;
				CLANG_WARN_OBJC_ROOT_CLASS = YES_ERROR;
				CLANG_WARN_RANGE_LOOP_ANALYSIS = YES;
				CLANG_WARN_STRICT_PROTOTYPES = YES;
				CLANG_WARN_SUSPICIOUS_MOVE = YES;
				CLANG_WARN_UNGUARDED_AVAILABILITY = YES_AGGRESSIVE;
				CLANG_WARN_UNREACHABLE_CODE = YES;
				CLANG_WARN__DUPLICATE_METHOD_MATCH = YES;
				CODE_SIGN_IDENTITY = "iPhone Developer";
				COPY_PHASE_STRIP = NO;
				DEBUG_INFORMATION_FORMAT = dwarf;
				ENABLE_STRICT_OBJC_MSGSEND = YES;
				ENABLE_TESTABILITY = YES;
				GCC_C_LANGUAGE_STANDARD = gnu11;
				GCC_DYNAMIC_NO_PIC = NO;
				GCC_NO_COMMON_BLOCKS = YES;
				GCC_OPTIMIZATION_LEVEL = 0;
				GCC_PREPROCESSOR_DEFINITIONS = (
					"DEBUG=1",
					"$(inherited)",
				);
				GCC_WARN_64_TO_32_BIT_CONVERSION = YES;
				GCC_WARN_ABOUT_RETURN_TYPE = YES_ERROR;
				GCC_WARN_UNDECLARED_SELECTOR = YES;
				GCC_WARN_UNINITIALIZED_AUTOS = YES_AGGRESSIVE;
				GCC_WARN_UNUSED_FUNCTION = YES;
				GCC_WARN_UNUSED_VARIABLE = YES;
				IPHONEOS_DEPLOYMENT_TARGET = 11.1;
				MTL_ENABLE_DEBUG_INFO = YES;
				ONLY_ACTIVE_ARCH = YES;
				SDKROOT = iphoneos;
				SWIFT_ACTIVE_COMPILATION_CONDITIONS = DEBUG;
				SWIFT_OPTIMIZATION_LEVEL = "-Onone";
			};
			name = Debug;
		};
		84502DAC2038A4770029B322 /* Release */ = {
			isa = XCBuildConfiguration;
			buildSettings = {
				ALWAYS_SEARCH_USER_PATHS = NO;
				CLANG_ANALYZER_NONNULL = YES;
				CLANG_ANALYZER_NUMBER_OBJECT_CONVERSION = YES_AGGRESSIVE;
				CLANG_CXX_LANGUAGE_STANDARD = "gnu++14";
				CLANG_CXX_LIBRARY = "libc++";
				CLANG_ENABLE_MODULES = YES;
				CLANG_ENABLE_OBJC_ARC = YES;
				CLANG_WARN_BLOCK_CAPTURE_AUTORELEASING = YES;
				CLANG_WARN_BOOL_CONVERSION = YES;
				CLANG_WARN_COMMA = YES;
				CLANG_WARN_CONSTANT_CONVERSION = YES;
				CLANG_WARN_DIRECT_OBJC_ISA_USAGE = YES_ERROR;
				CLANG_WARN_DOCUMENTATION_COMMENTS = YES;
				CLANG_WARN_EMPTY_BODY = YES;
				CLANG_WARN_ENUM_CONVERSION = YES;
				CLANG_WARN_INFINITE_RECURSION = YES;
				CLANG_WARN_INT_CONVERSION = YES;
				CLANG_WARN_NON_LITERAL_NULL_CONVERSION = YES;
				CLANG_WARN_OBJC_LITERAL_CONVERSION = YES;
				CLANG_WARN_OBJC_ROOT_CLASS = YES_ERROR;
				CLANG_WARN_RANGE_LOOP_ANALYSIS = YES;
				CLANG_WARN_STRICT_PROTOTYPES = YES;
				CLANG_WARN_SUSPICIOUS_MOVE = YES;
				CLANG_WARN_UNGUARDED_AVAILABILITY = YES_AGGRESSIVE;
				CLANG_WARN_UNREACHABLE_CODE = YES;
				CLANG_WARN__DUPLICATE_METHOD_MATCH = YES;
				CODE_SIGN_IDENTITY = "iPhone Developer";
				COPY_PHASE_STRIP = NO;
				DEBUG_INFORMATION_FORMAT = "dwarf-with-dsym";
				ENABLE_NS_ASSERTIONS = NO;
				ENABLE_STRICT_OBJC_MSGSEND = YES;
				GCC_C_LANGUAGE_STANDARD = gnu11;
				GCC_NO_COMMON_BLOCKS = YES;
				GCC_WARN_64_TO_32_BIT_CONVERSION = YES;
				GCC_WARN_ABOUT_RETURN_TYPE = YES_ERROR;
				GCC_WARN_UNDECLARED_SELECTOR = YES;
				GCC_WARN_UNINITIALIZED_AUTOS = YES_AGGRESSIVE;
				GCC_WARN_UNUSED_FUNCTION = YES;
				GCC_WARN_UNUSED_VARIABLE = YES;
				IPHONEOS_DEPLOYMENT_TARGET = 11.1;
				MTL_ENABLE_DEBUG_INFO = NO;
				SDKROOT = iphoneos;
				SWIFT_OPTIMIZATION_LEVEL = "-Owholemodule";
				VALIDATE_PRODUCT = YES;
			};
			name = Release;
		};
		84502DAE2038A4770029B322 /* Debug */ = {
			isa = XCBuildConfiguration;
			buildSettings = {
				ASSETCATALOG_COMPILER_APPICON_NAME = AppIcon;
				CODE_SIGN_STYLE = Automatic;
				INFOPLIST_FILE = UBCSprouts/Info.plist;
				LD_RUNPATH_SEARCH_PATHS = "$(inherited) @executable_path/Frameworks";
				PRODUCT_BUNDLE_IDENTIFIER = com.example.UBCSprouts;
				PRODUCT_NAME = "$(TARGET_NAME)";
				SWIFT_VERSION = 4.0;
				TARGETED_DEVICE_FAMILY = "1,2";
			};
			name = Debug;
		};
		84502DAF2038A4770029B322 /* Release */ = {
			isa = XCBuildConfiguration;
			buildSettings = {
				ASSETCATALOG_COMPILER_APPICON_NAME = AppIcon;
				CODE_SIGN_STYLE = Automatic;
				INFOPLIST_FILE = UBCSprouts/Info.plist;
				LD_RUNPATH_SEARCH_PATHS = "$(inherited) @executable_path/Frameworks";
				PRODUCT_BUNDLE_IDENTIFIER = com.example.UBCSprouts;
				PRODUCT_NAME = "$(TARGET_NAME)";
				SWIFT_VERSION = 4.0;
				TARGETED_DEVICE_FAMILY = "1,2";
			};
			name = Release;
		};
		84502DB12038A4770029B322 /* Debug */ = {
			isa = XCBuildConfiguration;
			buildSettings = {
				ALWAYS_EMBED_SWIFT_STANDARD_LIBRARIES = YES;
				BUNDLE_LOADER = "$(TEST_HOST)";
				CODE_SIGN_STYLE = Automatic;
				INFOPLIST_FILE = UBCSproutsTests/Info.plist;
				LD_RUNPATH_SEARCH_PATHS = "$(inherited) @executable_path/Frameworks @loader_path/Frameworks";
				PRODUCT_BUNDLE_IDENTIFIER = com.example.UBCSproutsTests;
				PRODUCT_NAME = "$(TARGET_NAME)";
				SWIFT_VERSION = 4.0;
				TARGETED_DEVICE_FAMILY = "1,2";
				TEST_HOST = "$(BUILT_PRODUCTS_DIR)/UBCSprouts.app/UBCSprouts";
			};
			name = Debug;
		};
		84502DB22038A4770029B322 /* Release */ = {
			isa = XCBuildConfiguration;
			buildSettings = {
				ALWAYS_EMBED_SWIFT_STANDARD_LIBRARIES = YES;
				BUNDLE_LOADER = "$(TEST_HOST)";
				CODE_SIGN_STYLE = Automatic;
				INFOPLIST_FILE = UBCSproutsTests/Info.plist;
				LD_RUNPATH_SEARCH_PATHS = "$(inherited) @executable_path/Frameworks @loader_path/Frameworks";
				PRODUCT_BUNDLE_IDENTIFIER = com.example.UBCSproutsTests;
				PRODUCT_NAME = "$(TARGET_NAME)";
				SWIFT_VERSION = 4.0;
				TARGETED_DEVICE_FAMILY = "1,2";
				TEST_HOST = "$(BUILT_PRODUCTS_DIR)/UBCSprouts.app/UBCSprouts";
			};
			name = Release;
		};
/* End XCBuildConfiguration section */

/* Begin XCConfigurationList section */
		84502D892038A4770029B322 /* Build configuration list for PBXProject "UBCSprouts" */ = {
			isa = XCConfigurationList;
			buildConfigurations = (
				84502DAB2038A4770029B322 /* Debug */,
				84502DAC2038A4770029B322 /* Release */,
			);
			defaultConfigurationIsVisible = 0;
			defaultConfigurationName = Release;
		};
		84502DAD2038A4770029B322 /* Build configuration list for PBXNativeTarget "UBCSprouts" */ = {
			isa = XCConfigurationList;
			buildConfigurations = (
				84502DAE2038A4770029B322 /* Debug */,
				84502DAF2038A4770029B322 /* Release */,
			);
			defaultConfigurationIsVisible = 0;
			defaultConfigurationName = Release;
		};
		84502DB02038A4770029B322 /* Build configuration list for PBXNativeTarget "UBCSproutsTests" */ = {
			isa = XCConfigurationList;
			buildConfigurations = (
				84502DB12038A4770029B322 /* Debug */,
				84502DB22038A4770029B322 /* Release */,
			);
			defaultConfigurationIsVisible = 0;
			defaultConfigurationName = Release;
		};
/* End XCConfigurationList section */

/* Begin XCVersionGroup section */
		A0B0AE362060A197001D2555 /* UBCSprouts.xcdatamodeld */ = {
			isa = XCVersionGroup;
			children = (
				A0B0AE372060A197001D2555 /* UBCSprouts.xcdatamodel */,
			);
			currentVersion = A0B0AE372060A197001D2555 /* UBCSprouts.xcdatamodel */;
			path = UBCSprouts.xcdatamodeld;
			sourceTree = "<group>";
			versionGroupType = wrapper.xcdatamodel;
		};
/* End XCVersionGroup section */
	};
	rootObject = 84502D862038A4770029B322 /* Project object */;
}
